
Microsoft Visual Studio Solution File, Format Version 12.00
# Visual Studio Version 17
VisualStudioVersion = 17.3.32825.248
MinimumVisualStudioVersion = 10.0.40219.1
Project("{FAE04EC0-301F-11D3-BF4B-00C04F79EFBC}") = "blackjack_oop", "blackjack_oop\blackjack_oop.csproj", "{4F514C80-4C15-4325-94C3-EDD275C771FB}"
EndProject
Global
	GlobalSection(SolutionConfigurationPlatforms) = preSolution
		Debug|Any CPU = Debug|Any CPU
		Release|Any CPU = Release|Any CPU
	EndGlobalSection
	GlobalSection(ProjectConfigurationPlatforms) = postSolution
		{4F514C80-4C15-4325-94C3-EDD275C771FB}.Debug|Any CPU.ActiveCfg = Debug|Any CPU
		{4F514C80-4C15-4325-94C3-EDD275C771FB}.Debug|Any CPU.Build.0 = Debug|Any CPU
		{4F514C80-4C15-4325-94C3-EDD275C771FB}.Release|Any CPU.ActiveCfg = Release|Any CPU
		{4F514C80-4C15-4325-94C3-EDD275C771FB}.Release|Any CPU.Build.0 = Release|Any CPU
	EndGlobalSection
	GlobalSection(SolutionProperties) = preSolution
		HideSolutionNode = FALSE
	EndGlobalSection
	GlobalSection(ExtensibilityGlobals) = postSolution
		SolutionGuid = {6E539CC6-DAB4-4652-BAD4-3EF3B1587E7D}
	EndGlobalSection
EndGlobal
